
Microsoft Visual Studio Solution File, Format Version 12.00
# Visual Studio Version 16
VisualStudioVersion = 16.0.30907.101
MinimumVisualStudioVersion = 10.0.40219.1
Project("{FAE04EC0-301F-11D3-BF4B-00C04F79EFBC}") = "SystemTest", "AskTest\SystemTest.csproj", "{89753A93-7458-4D0D-A5E8-A6C722A2E119}"
EndProject
Global
	GlobalSection(SolutionConfigurationPlatforms) = preSolution
		Debug|Any CPU = Debug|Any CPU
		Release|Any CPU = Release|Any CPU
	EndGlobalSection
	GlobalSection(ProjectConfigurationPlatforms) = postSolution
		{89753A93-7458-4D0D-A5E8-A6C722A2E119}.Debug|Any CPU.ActiveCfg = Debug|Any CPU
		{89753A93-7458-4D0D-A5E8-A6C722A2E119}.Debug|Any CPU.Build.0 = Debug|Any CPU
		{89753A93-7458-4D0D-A5E8-A6C722A2E119}.Release|Any CPU.ActiveCfg = Release|Any CPU
		{89753A93-7458-4D0D-A5E8-A6C722A2E119}.Release|Any CPU.Build.0 = Release|Any CPU
	EndGlobalSection
	GlobalSection(SolutionProperties) = preSolution
		HideSolutionNode = FALSE
	EndGlobalSection
	GlobalSection(ExtensibilityGlobals) = postSolution
		SolutionGuid = {FE71F5E4-D401-47D2-8F55-9A98CD42CA8D}
	EndGlobalSection
EndGlobal
